dependencies:
  idf:
    source:
      type: idf
    version: 5.5.2
  nopnop2002/ssd1306:
    component_hash: c118e111d989d2b427ff714bab329405d76deff181bd1bb7356b3b19e74c141b
    dependencies: []
    source:
      git: https://github.com/nopnop2002/esp-idf-ssd1306.git
      path: components/ssd1306/
      type: git
    version: 3043b5d7ea97e98598924248c333c61bd5776e66
manifest_hash: d2100b8f02a5b16b6a71ff75070def5df07aee33764dc4fd80fc46ed1e207354
target: esp32
version: 2.0.0
